
Microsoft Visual Studio Solution File, Format Version 12.00
# Visual Studio Version 17
VisualStudioVersion = 17.11.35219.272
MinimumVisualStudioVersion = 10.0.40219.1
Project("{2150E333-8FDC-42A3-9474-1A3956D46DE8}") = "src", "src", "{FB879C2A-DCE8-4257-B19D-FB74D9F2B297}"
EndProject
Project("{2150E333-8FDC-42A3-9474-1A3956D46DE8}") = "01 - Comum", "01 - Comum", "{501B73D6-68ED-4416-8C0E-32AC53D8F524}"
EndProject
Project("{2150E333-8FDC-42A3-9474-1A3956D46DE8}") = "02 - Api", "02 - Api", "{E812632B-7620-491E-9A7A-824160790558}"
EndProject
Project("{2150E333-8FDC-42A3-9474-1A3956D46DE8}") = "03 - Aplicacao", "03 - Aplicacao", "{CA848D5D-B5FC-4B59-B742-C89097C10782}"
EndProject
Project("{2150E333-8FDC-42A3-9474-1A3956D46DE8}") = "05 - Infra", "05 - Infra", "{B07B3E3E-0626-4256-A99D-1CB68635B5C0}"
EndProject
Project("{2150E333-8FDC-42A3-9474-1A3956D46DE8}") = "06 - Tests", "06 - Tests", "{F7041C5E-7670-4194-9A6B-C9EF6CB2E7DF}"
EndProject
Project("{2150E333-8FDC-42A3-9474-1A3956D46DE8}") = "04 - Dominio", "04 - Dominio", "{7CF261BD-8D9A-405A-82E0-43399378C13F}"
EndProject
Project("{9A19103F-16F7-4668-BE54-9A1E7A4F7556}") = "BibliotecaBasis.Dominio", "BibliotecaBasis.Dominio\BibliotecaBasis.Dominio.csproj", "{98B7D976-8B09-459D-8B42-2259F7064AC7}"
EndProject
Project("{9A19103F-16F7-4668-BE54-9A1E7A4F7556}") = "BibliotecaBasis.Comum", "BibliotecaBasis.Comum\BibliotecaBasis.Comum.csproj", "{7663F5C8-7E30-4972-998F-9A17A1579978}"
EndProject
Project("{9A19103F-16F7-4668-BE54-9A1E7A4F7556}") = "BibliotecaBasis.Infra", "BibliotecaBasis.Infra\BibliotecaBasis.Infra.csproj", "{367DD483-1B98-4AF5-A526-741C9DB86945}"
EndProject
Project("{9A19103F-16F7-4668-BE54-9A1E7A4F7556}") = "BibliotecaBasis.Aplicacao", "BibliotecaBasis.Aplicacao\BibliotecaBasis.Aplicacao.csproj", "{D932E508-3FE6-45D7-85C9-7B623FC32BE4}"
EndProject
Project("{FAE04EC0-301F-11D3-BF4B-00C04F79EFBC}") = "BibliotecaBasis.Api", "BibliotecaBasis.Api\BibliotecaBasis.Api.csproj", "{3C194F56-0E67-4C5A-B10E-226920D4D03B}"
EndProject
Global
	GlobalSection(SolutionConfigurationPlatforms) = preSolution
		Debug|Any CPU = Debug|Any CPU
		Release|Any CPU = Release|Any CPU
	EndGlobalSection
	GlobalSection(ProjectConfigurationPlatforms) = postSolution
		{98B7D976-8B09-459D-8B42-2259F7064AC7}.Debug|Any CPU.ActiveCfg = Debug|Any CPU
		{98B7D976-8B09-459D-8B42-2259F7064AC7}.Debug|Any CPU.Build.0 = Debug|Any CPU
		{98B7D976-8B09-459D-8B42-2259F7064AC7}.Release|Any CPU.ActiveCfg = Release|Any CPU
		{98B7D976-8B09-459D-8B42-2259F7064AC7}.Release|Any CPU.Build.0 = Release|Any CPU
		{7663F5C8-7E30-4972-998F-9A17A1579978}.Debug|Any CPU.ActiveCfg = Debug|Any CPU
		{7663F5C8-7E30-4972-998F-9A17A1579978}.Debug|Any CPU.Build.0 = Debug|Any CPU
		{7663F5C8-7E30-4972-998F-9A17A1579978}.Release|Any CPU.ActiveCfg = Release|Any CPU
		{7663F5C8-7E30-4972-998F-9A17A1579978}.Release|Any CPU.Build.0 = Release|Any CPU
		{367DD483-1B98-4AF5-A526-741C9DB86945}.Debug|Any CPU.ActiveCfg = Debug|Any CPU
		{367DD483-1B98-4AF5-A526-741C9DB86945}.Debug|Any CPU.Build.0 = Debug|Any CPU
		{367DD483-1B98-4AF5-A526-741C9DB86945}.Release|Any CPU.ActiveCfg = Release|Any CPU
		{367DD483-1B98-4AF5-A526-741C9DB86945}.Release|Any CPU.Build.0 = Release|Any CPU
		{D932E508-3FE6-45D7-85C9-7B623FC32BE4}.Debug|Any CPU.ActiveCfg = Debug|Any CPU
		{D932E508-3FE6-45D7-85C9-7B623FC32BE4}.Debug|Any CPU.Build.0 = Debug|Any CPU
		{D932E508-3FE6-45D7-85C9-7B623FC32BE4}.Release|Any CPU.ActiveCfg = Release|Any CPU
		{D932E508-3FE6-45D7-85C9-7B623FC32BE4}.Release|Any CPU.Build.0 = Release|Any CPU
		{3C194F56-0E67-4C5A-B10E-226920D4D03B}.Debug|Any CPU.ActiveCfg = Debug|Any CPU
		{3C194F56-0E67-4C5A-B10E-226920D4D03B}.Debug|Any CPU.Build.0 = Debug|Any CPU
		{3C194F56-0E67-4C5A-B10E-226920D4D03B}.Release|Any CPU.ActiveCfg = Release|Any CPU
		{3C194F56-0E67-4C5A-B10E-226920D4D03B}.Release|Any CPU.Build.0 = Release|Any CPU
	EndGlobalSection
	GlobalSection(SolutionProperties) = preSolution
		HideSolutionNode = FALSE
	EndGlobalSection
	GlobalSection(NestedProjects) = preSolution
		{501B73D6-68ED-4416-8C0E-32AC53D8F524} = {FB879C2A-DCE8-4257-B19D-FB74D9F2B297}
		{E812632B-7620-491E-9A7A-824160790558} = {FB879C2A-DCE8-4257-B19D-FB74D9F2B297}
		{CA848D5D-B5FC-4B59-B742-C89097C10782} = {FB879C2A-DCE8-4257-B19D-FB74D9F2B297}
		{B07B3E3E-0626-4256-A99D-1CB68635B5C0} = {FB879C2A-DCE8-4257-B19D-FB74D9F2B297}
		{F7041C5E-7670-4194-9A6B-C9EF6CB2E7DF} = {FB879C2A-DCE8-4257-B19D-FB74D9F2B297}
		{7CF261BD-8D9A-405A-82E0-43399378C13F} = {FB879C2A-DCE8-4257-B19D-FB74D9F2B297}
		{98B7D976-8B09-459D-8B42-2259F7064AC7} = {7CF261BD-8D9A-405A-82E0-43399378C13F}
		{7663F5C8-7E30-4972-998F-9A17A1579978} = {501B73D6-68ED-4416-8C0E-32AC53D8F524}
		{367DD483-1B98-4AF5-A526-741C9DB86945} = {B07B3E3E-0626-4256-A99D-1CB68635B5C0}
		{D932E508-3FE6-45D7-85C9-7B623FC32BE4} = {CA848D5D-B5FC-4B59-B742-C89097C10782}
		{3C194F56-0E67-4C5A-B10E-226920D4D03B} = {E812632B-7620-491E-9A7A-824160790558}
	EndGlobalSection
	GlobalSection(ExtensibilityGlobals) = postSolution
		SolutionGuid = {590970DA-23E3-4136-B988-824BB46425FD}
	EndGlobalSection
EndGlobal
